// !$*UTF8*$!
{
	archiveVersion = 1;
	classes = {
	};
	objectVersion = 46;
	objects = {

/* Begin PBXBuildFile section */
		36A5971615114FAD00A54291 /* UIKit.framework in Frameworks */ = {isa = PBXBuildFile; fileRef = 36A5971515114FAD00A54291 /* UIKit.framework */; };
		36A5971815114FAD00A54291 /* Foundation.framework in Frameworks */ = {isa = PBXBuildFile; fileRef = 36A5971715114FAD00A54291 /* Foundation.framework */; };
		36A5971A15114FAD00A54291 /* CoreGraphics.framework in Frameworks */ = {isa = PBXBuildFile; fileRef = 36A5971915114FAD00A54291 /* CoreGraphics.framework */; };
		36A5972015114FAD00A54291 /* InfoPlist.strings in Resources */ = {isa = PBXBuildFile; fileRef = 36A5971E15114FAD00A54291 /* InfoPlist.strings */; };
		36A5972215114FAD00A54291 /* main.m in Sources */ = {isa = PBXBuildFile; fileRef = 36A5972115114FAD00A54291 /* main.m */; };
		36A5972615114FAD00A54291 /* BIDAppDelegate.m in Sources */ = {isa = PBXBuildFile; fileRef = 36A5972515114FAD00A54291 /* BIDAppDelegate.m */; };
		36A5972915114FAD00A54291 /* BIDViewController.m in Sources */ = {isa = PBXBuildFile; fileRef = 36A5972815114FAD00A54291 /* BIDViewController.m */; };
		36A5972C15114FAD00A54291 /* BIDViewController.xib in Resources */ = {isa = PBXBuildFile; fileRef = 36A5972A15114FAD00A54291 /* BIDViewController.xib */; };
/* End PBXBuildFile section */

/* Begin PBXFileReference section */
		36A5971115114FAD00A54291 /* Button Fun.app */ = {isa = PBXFileReference; explicitFileType = wrapper.application; includeInIndex = 0; path = "Button Fun.app"; sourceTree = BUILT_PRODUCTS_DIR; };
		36A5971515114FAD00A54291 /* UIKit.framework */ = {isa = PBXFileReference; lastKnownFileType = wrapper.framework; name = UIKit.framework; path = System/Library/Frameworks/UIKit.framework; sourceTree = SDKROOT; };
		36A5971715114FAD00A54291 /* Foundation.framework */ = {isa = PBXFileReference; lastKnownFileType = wrapper.framework; name = Foundation.framework; path = System/Library/Frameworks/Foundation.framework; sourceTree = SDKROOT; };
		36A5971915114FAD00A54291 /* CoreGraphics.framework */ = {isa = PBXFileReference; lastKnownFileType = wrapper.framework; name = CoreGraphics.framework; path = System/Library/Frameworks/CoreGraphics.framework; sourceTree = SDKROOT; };
		36A5971D15114FAD00A54291 /* Button Fun-Info.plist */ = {isa = PBXFileReference; lastKnownFileType = text.plist.xml; path = "Button Fun-Info.plist"; sourceTree = "<group>"; };
		36A5971F15114FAD00A54291 /* en */ = {isa = PBXFileReference; lastKnownFileType = text.plist.strings; name = en; path = en.lproj/InfoPlist.strings; sourceTree = "<group>"; };
		36A5972115114FAD00A54291 /* main.m */ = {isa = PBXFileReference; lastKnownFileType = sourcecode.c.objc; path = main.m; sourceTree = "<group>"; };
		36A5972315114FAD00A54291 /* Button Fun-Prefix.pch */ = {isa = PBXFileReference; lastKnownFileType = sourcecode.c.h; path = "Button Fun-Prefix.pch"; sourceTree = "<group>"; };
		36A5972415114FAD00A54291 /* BIDAppDelegate.h */ = {isa = PBXFileReference; lastKnownFileType = sourcecode.c.h; path = BIDAppDelegate.h; sourceTree = "<group>"; };
		36A5972515114FAD00A54291 /* BIDAppDelegate.m */ = {isa = PBXFileReference; lastKnownFileType = sourcecode.c.objc; path = BIDAppDelegate.m; sourceTree = "<group>"; };
		36A5972715114FAD00A54291 /* BIDViewController.h */ = {isa = PBXFileReference; lastKnownFileType = sourcecode.c.h; path = BIDViewController.h; sourceTree = "<group>"; };
		36A5972815114FAD00A54291 /* BIDViewController.m */ = {isa = PBXFileReference; lastKnownFileType = sourcecode.c.objc; path = BIDViewController.m; sourceTree = "<group>"; };
		36A5972B15114FAD00A54291 /* en */ = {isa = PBXFileReference; lastKnownFileType = file.xib; name = en; path = en.lproj/BIDViewController.xib; sourceTree = "<group>"; };
/* End PBXFileReference section */

/* Begin PBXFrameworksBuildPhase section */
		36A5970E15114FAD00A54291 /* Frameworks */ = {
			isa = PBXFrameworksBuildPhase;
			buildActionMask = 2147483647;
			files = (
				36A5971615114FAD00A54291 /* UIKit.framework in Frameworks */,
				36A5971815114FAD00A54291 /* Foundation.framework in Frameworks */,
				36A5971A15114FAD00A54291 /* CoreGraphics.framework in Frameworks */,
			);
			runOnlyForDeploymentPostprocessing = 0;
		};
/* End PBXFrameworksBuildPhase section */

/* Begin PBXGroup section */
		36A5970615114FAD00A54291 = {
			isa = PBXGroup;
			children = (
				36A5971B15114FAD00A54291 /* Button Fun */,
				36A5971415114FAD00A54291 /* Frameworks */,
				36A5971215114FAD00A54291 /* Products */,
			);
			sourceTree = "<group>";
		};
		36A5971215114FAD00A54291 /* Products */ = {
			isa = PBXGroup;
			children = (
				36A5971115114FAD00A54291 /* Button Fun.app */,
			);
			name = Products;
			sourceTree = "<group>";
		};
		36A5971415114FAD00A54291 /* Frameworks */ = {
			isa = PBXGroup;
			children = (
				36A5971515114FAD00A54291 /* UIKit.framework */,
				36A5971715114FAD00A54291 /* Foundation.framework */,
				36A5971915114FAD00A54291 /* CoreGraphics.framework */,
			);
			name = Frameworks;
			sourceTree = "<group>";
		};
		36A5971B15114FAD00A54291 /* Button Fun */ = {
			isa = PBXGroup;
			children = (
				36A5972415114FAD00A54291 /* BIDAppDelegate.h */,
				36A5972515114FAD00A54291 /* BIDAppDelegate.m */,
				36A5972715114FAD00A54291 /* BIDViewController.h */,
				36A5972815114FAD00A54291 /* BIDViewController.m */,
				36A5972A15114FAD00A54291 /* BIDViewController.xib */,
				36A5971C15114FAD00A54291 /* Supporting Files */,
			);
			path = "Button Fun";
			sourceTree = "<group>";
		};
		36A5971C15114FAD00A54291 /* Supporting Files */ = {
			isa = PBXGroup;
			children = (
				36A5971D15114FAD00A54291 /* Button Fun-Info.plist */,
				36A5971E15114FAD00A54291 /* InfoPlist.strings */,
				36A5972115114FAD00A54291 /* main.m */,
				36A5972315114FAD00A54291 /* Button Fun-Prefix.pch */,
			);
			name = "Supporting Files";
			sourceTree = "<group>";
		};
/* End PBXGroup section */

/* Begin PBXNativeTarget section */
		36A5971015114FAD00A54291 /* Button Fun */ = {
			isa = PBXNativeTarget;
			buildConfigurationList = 36A5972F15114FAD00A54291 /* Build configuration list for PBXNativeTarget "Button Fun" */;
			buildPhases = (
				36A5970D15114FAD00A54291 /* Sources */,
				36A5970E15114FAD00A54291 /* Frameworks */,
				36A5970F15114FAD00A54291 /* Resources */,
			);
			buildRules = (
			);
			dependencies = (
			);
			name = "Button Fun";
			productName = "Button Fun";
			productReference = 36A5971115114FAD00A54291 /* Button Fun.app */;
			productType = "com.apple.product-type.application";
		};
/* End PBXNativeTarget section */

/* Begin PBXProject section */
		36A5970815114FAD00A54291 /* Project object */ = {
			isa = PBXProject;
			attributes = {
				LastUpgradeCheck = 0420;
			};
			buildConfigurationList = 36A5970B15114FAD00A54291 /* Build configuration list for PBXProject "Button Fun" */;
			compatibilityVersion = "Xcode 3.2";
			developmentRegion = English;
			hasScannedForEncodings = 0;
			knownRegions = (
				en,
			);
			mainGroup = 36A5970615114FAD00A54291;
			productRefGroup = 36A5971215114FAD00A54291 /* Products */;
			projectDirPath = "";
			projectRoot = "";
			targets = (
				36A5971015114FAD00A54291 /* Button Fun */,
			);
		};
/* End PBXProject section */

/* Begin PBXResourcesBuildPhase section */
		36A5970F15114FAD00A54291 /* Resources */ = {
			isa = PBXResourcesBuildPhase;
			buildActionMask = 2147483647;
			files = (
				36A5972015114FAD00A54291 /* InfoPlist.strings in Resources */,
				36A5972C15114FAD00A54291 /* BIDViewController.xib in Resources */,
			);
			runOnlyForDeploymentPostprocessing = 0;
		};
/* End PBXResourcesBuildPhase section */

/* Begin PBXSourcesBuildPhase section */
		36A5970D15114FAD00A54291 /* Sources */ = {
			isa = PBXSourcesBuildPhase;
			buildActionMask = 2147483647;
			files = (
				36A5972215114FAD00A54291 /* main.m in Sources */,
				36A5972615114FAD00A54291 /* BIDAppDelegate.m in Sources */,
				36A5972915114FAD00A54291 /* BIDViewController.m in Sources */,
			);
			runOnlyForDeploymentPostprocessing = 0;
		};
/* End PBXSourcesBuildPhase section */

/* Begin PBXVariantGroup section */
		36A5971E15114FAD00A54291 /* InfoPlist.strings */ = {
			isa = PBXVariantGroup;
			children = (
				36A5971F15114FAD00A54291 /* en */,
			);
			name = InfoPlist.strings;
			sourceTree = "<group>";
		};
		36A5972A15114FAD00A54291 /* BIDViewController.xib */ = {
			isa = PBXVariantGroup;
			children = (
				36A5972B15114FAD00A54291 /* en */,
			);
			name = BIDViewController.xib;
			sourceTree = "<group>";
		};
/* End PBXVariantGroup section */

/* Begin XCBuildConfiguration section */
		36A5972D15114FAD00A54291 /* Debug */ = {
			isa = XCBuildConfiguration;
			buildSettings = {
				ALWAYS_SEARCH_USER_PATHS = NO;
				ARCHS = "$(ARCHS_STANDARD_32_BIT)";
				CLANG_ENABLE_OBJC_ARC = YES;
				"CODE_SIGN_IDENTITY[sdk=iphoneos*]" = "iPhone Developer";
				COPY_PHASE_STRIP = NO;
				GCC_C_LANGUAGE_STANDARD = gnu99;
				GCC_DYNAMIC_NO_PIC = NO;
				GCC_OPTIMIZATION_LEVEL = 0;
				GCC_PREPROCESSOR_DEFINITIONS = (
					"DEBUG=1",
					"$(inherited)",
				);
				GCC_SYMBOLS_PRIVATE_EXTERN = NO;
				GCC_VERSION = com.apple.compilers.llvm.clang.1_0;
				GCC_WARN_ABOUT_MISSING_PROTOTYPES = YES;
				GCC_WARN_ABOUT_RETURN_TYPE = YES;
				GCC_WARN_UNUSED_VARIABLE = YES;
				IPHONEOS_DEPLOYMENT_TARGET = 5.0;
				SDKROOT = iphoneos;
			};
			name = Debug;
		};
		36A5972E15114FAD00A54291 /* Release */ = {
			isa = XCBuildConfiguration;
			buildSettings = {
				ALWAYS_SEARCH_USER_PATHS = NO;
				ARCHS = "$(ARCHS_STANDARD_32_BIT)";
				CLANG_ENABLE_OBJC_ARC = YES;
				"CODE_SIGN_IDENTITY[sdk=iphoneos*]" = "iPhone Developer";
				COPY_PHASE_STRIP = YES;
				GCC_C_LANGUAGE_STANDARD = gnu99;
				GCC_VERSION = com.apple.compilers.llvm.clang.1_0;
				GCC_WARN_ABOUT_MISSING_PROTOTYPES = YES;
				GCC_WARN_ABOUT_RETURN_TYPE = YES;
				GCC_WARN_UNUSED_VARIABLE = YES;
				IPHONEOS_DEPLOYMENT_TARGET = 5.0;
				OTHER_CFLAGS = "-DNS_BLOCK_ASSERTIONS=1";
				SDKROOT = iphoneos;
				VALIDATE_PRODUCT = YES;
			};
			name = Release;
		};
		36A5973015114FAD00A54291 /* Debug */ = {
			isa = XCBuildConfiguration;
			buildSettings = {
				GCC_PRECOMPILE_PREFIX_HEADER = YES;
				GCC_PREFIX_HEADER = "Button Fun/Button Fun-Prefix.pch";
				INFOPLIST_FILE = "Button Fun/Button Fun-Info.plist";
				PRODUCT_NAME = "$(TARGET_NAME)";
				WRAPPER_EXTENSION = app;
			};
			name = Debug;
		};
		36A5973115114FAD00A54291 /* Release */ = {
			isa = XCBuildConfiguration;
			buildSettings = {
				GCC_PRECOMPILE_PREFIX_HEADER = YES;
				GCC_PREFIX_HEADER = "Button Fun/Button Fun-Prefix.pch";
				INFOPLIST_FILE = "Button Fun/Button Fun-Info.plist";
				PRODUCT_NAME = "$(TARGET_NAME)";
				WRAPPER_EXTENSION = app;
			};
			name = Release;
		};
/* End XCBuildConfiguration section */

/* Begin XCConfigurationList section */
		36A5970B15114FAD00A54291 /* Build configuration list for PBXProject "Button Fun" */ = {
			isa = XCConfigurationList;
			buildConfigurations = (
				36A5972D15114FAD00A54291 /* Debug */,
				36A5972E15114FAD00A54291 /* Release */,
			);
			defaultConfigurationIsVisible = 0;
			defaultConfigurationName = Release;
		};
		36A5972F15114FAD00A54291 /* Build configuration list for PBXNativeTarget "Button Fun" */ = {
			isa = XCConfigurationList;
			buildConfigurations = (
				36A5973015114FAD00A54291 /* Debug */,
				36A5973115114FAD00A54291 /* Release */,
			);
			defaultConfigurationIsVisible = 0;
		};
/* End XCConfigurationList section */
	};
	rootObject = 36A5970815114FAD00A54291 /* Project object */;
}
